
Microsoft Visual Studio Solution File, Format Version 12.00
Project("{FAE04EC0-301F-11D3-BF4B-00C04F79EFBC}") = "TreeExample", "TreeExample\TreeExample.csproj", "{868EC4DE-D59C-40B2-9749-501AF9561B59}"
Project("{FAE04EC0-301F-11D3-BF4B-00C04F79EFBC}") = "DB", "DB\DB.csproj", "{517FD139-5DD9-42C4-B454-8519CAB02C26}"
Global
	GlobalSection(SolutionConfigurationPlatforms) = preSolution
		Debug|Any CPU = Debug|Any CPU
		Release|Any CPU = Release|Any CPU
	EndGlobalSection
	GlobalSection(ProjectConfigurationPlatforms) = postSolution
		{868EC4DE-D59C-40B2-9749-501AF9561B59}.Debug|Any CPU.ActiveCfg = Debug|Any CPU
		{868EC4DE-D59C-40B2-9749-501AF9561B59}.Debug|Any CPU.Build.0 = Debug|Any CPU
		{868EC4DE-D59C-40B2-9749-501AF9561B59}.Release|Any CPU.ActiveCfg = Release|Any CPU
		{868EC4DE-D59C-40B2-9749-501AF9561B59}.Release|Any CPU.Build.0 = Release|Any CPU
		{517FD139-5DD9-42C4-B454-8519CAB02C26}.Debug|Any CPU.ActiveCfg = Debug|Any CPU
		{517FD139-5DD9-42C4-B454-8519CAB02C26}.Debug|Any CPU.Build.0 = Debug|Any CPU
		{517FD139-5DD9-42C4-B454-8519CAB02C26}.Release|Any CPU.ActiveCfg = Release|Any CPU
		{517FD139-5DD9-42C4-B454-8519CAB02C26}.Release|Any CPU.Build.0 = Release|Any CPU
	EndGlobalSection
EndGlobal
